
Microsoft Visual Studio Solution File, Format Version 12.00
# Visual Studio Version 16
VisualStudioVersion = 16.0.33027.164
MinimumVisualStudioVersion = 10.0.40219.1
Project("{FAE04EC0-301F-11D3-BF4B-00C04F79EFBC}") = "Algorithms", "Algorithms.csproj", "{5DF147D9-BB9E-4FE2-85B3-2AAAC466AE79}"
EndProject
Global
	GlobalSection(SolutionConfigurationPlatforms) = preSolution
		Debug|Any CPU = Debug|Any CPU
		Release|Any CPU = Release|Any CPU
	EndGlobalSection
	GlobalSection(ProjectConfigurationPlatforms) = postSolution
		{5DF147D9-BB9E-4FE2-85B3-2AAAC466AE79}.Debug|Any CPU.ActiveCfg = Debug|Any CPU
		{5DF147D9-BB9E-4FE2-85B3-2AAAC466AE79}.Debug|Any CPU.Build.0 = Debug|Any CPU
		{5DF147D9-BB9E-4FE2-85B3-2AAAC466AE79}.Release|Any CPU.ActiveCfg = Release|Any CPU
		{5DF147D9-BB9E-4FE2-85B3-2AAAC466AE79}.Release|Any CPU.Build.0 = Release|Any CPU
	EndGlobalSection
	GlobalSection(SolutionProperties) = preSolution
		HideSolutionNode = FALSE
	EndGlobalSection
	GlobalSection(ExtensibilityGlobals) = postSolution
		SolutionGuid = {AC1ABAC1-EDB7-456C-86A9-DDB3B0D83B00}
	EndGlobalSection
EndGlobal
